
Microsoft Visual Studio Solution File, Format Version 12.00
# Visual Studio Version 17
VisualStudioVersion = 17.10.35004.147
MinimumVisualStudioVersion = 10.0.40219.1
Project("{FAE04EC0-301F-11D3-BF4B-00C04F79EFBC}") = "bookstore", "bookstore.csproj", "{D6FE1F70-9039-46C2-B002-06DEE6BA0D5A}"
EndProject
Global
	GlobalSection(SolutionConfigurationPlatforms) = preSolution
		Debug|Any CPU = Debug|Any CPU
		Release|Any CPU = Release|Any CPU
	EndGlobalSection
	GlobalSection(ProjectConfigurationPlatforms) = postSolution
		{D6FE1F70-9039-46C2-B002-06DEE6BA0D5A}.Debug|Any CPU.ActiveCfg = Debug|Any CPU
		{D6FE1F70-9039-46C2-B002-06DEE6BA0D5A}.Debug|Any CPU.Build.0 = Debug|Any CPU
		{D6FE1F70-9039-46C2-B002-06DEE6BA0D5A}.Release|Any CPU.ActiveCfg = Release|Any CPU
		{D6FE1F70-9039-46C2-B002-06DEE6BA0D5A}.Release|Any CPU.Build.0 = Release|Any CPU
	EndGlobalSection
	GlobalSection(SolutionProperties) = preSolution
		HideSolutionNode = FALSE
	EndGlobalSection
	GlobalSection(ExtensibilityGlobals) = postSolution
		SolutionGuid = {A593B425-1A9D-4F91-B346-A688A4026EE2}
	EndGlobalSection
EndGlobal
